// !$*UTF8*$!
{
	archiveVersion = 1;
	classes = {
	};
	objectVersion = 54;
	objects = {

/* Begin PBXBuildFile section */
		00E356F31AD99517003FC87E /* SlateAppTests.m in Sources */ = {isa = PBXBuildFile; fileRef = 00E356F21AD99517003FC87E /* SlateAppTests.m */; };
		089F61A831492CCD8705A4A5 /* WatchSessionService.swift in Sources */ = {isa = PBXBuildFile; fileRef = 10686DDBAAA23A2629D11551 /* WatchSessionService.swift */; };
		0AFF4AD086EEA6C0E2654388 /* AgentService.swift in Sources */ = {isa = PBXBuildFile; fileRef = FB19EABC5F853861B41595E8 /* AgentService.swift */; };
		0C3F537AB5564BFE891461D8 /* Manrope-Medium.ttf in Resources */ = {isa = PBXBuildFile; fileRef = 3BEE670F32A44E4EBF984ECD /* Manrope-Medium.ttf */; };
		0C80B921A6F3F58F76C31292 /* libPods-SlateApp.a in Frameworks */ = {isa = PBXBuildFile; fileRef = 5DCACB8F33CDC322A6C60F78 /* libPods-SlateApp.a */; };
		13B07FBC1A68108700A75B9A /* AppDelegate.m in Sources */ = {isa = PBXBuildFile; fileRef = 13B07FB01A68108700A75B9A /* AppDelegate.m */; };
		13B07FBF1A68108700A75B9A /* Images.xcassets in Resources */ = {isa = PBXBuildFile; fileRef = 13B07FB51A68108700A75B9A /* Images.xcassets */; };
		13B07FC11A68108700A75B9A /* main.m in Sources */ = {isa = PBXBuildFile; fileRef = 13B07FB71A68108700A75B9A /* main.m */; };
		19D93C68DDC9B888D4ADD6F6 /* NotesViewModel.swift in Sources */ = {isa = PBXBuildFile; fileRef = 28B9ECF82603A0B63D1A757C /* NotesViewModel.swift */; };
		205AE9E2D2D08F0AD7B59001 /* CaptureTabView.swift in Sources */ = {isa = PBXBuildFile; fileRef = 45D00457CBEF33C5F73BD774 /* CaptureTabView.swift */; };
		26050C1BD865EF7906564B76 /* NotesTabView.swift in Sources */ = {isa = PBXBuildFile; fileRef = 018311012D8BF8EE78BC3D23 /* NotesTabView.swift */; };
		279372CED2A422501AF243C1 /* ExpoModulesProvider.swift in Sources */ = {isa = PBXBuildFile; fileRef = 7B6E502580C9A8D4CC6BA228 /* ExpoModulesProvider.swift */; };
		2A85A1EFBF2EC9113C0BCCD8 /* SupabaseService.swift in Sources */ = {isa = PBXBuildFile; fileRef = EF7335DEAD1E0FBB8BD796E3 /* SupabaseService.swift */; };
		2E385ECA5266DF65CFBD5413 /* SlateWatch.app in Embed Watch Content */ = {isa = PBXBuildFile; fileRef = 5407D7C5C32298CE5F045CE1 /* SlateWatch.app */; settings = {ATTRIBUTES = (RemoveHeadersOnCopy, ); }; };
		2F9F64B76AE3773CE429DEB5 /* ChatViewModel.swift in Sources */ = {isa = PBXBuildFile; fileRef = 7E0B171AB9C7B61CCFC6C577 /* ChatViewModel.swift */; };
		58EA9797444C83AE89571EE8 /* AuthService.swift in Sources */ = {isa = PBXBuildFile; fileRef = C839E92A6909AB64E401896C /* AuthService.swift */; };
		6104D10AA1DB4DABAF4C7646 /* Manrope-Regular.ttf in Resources */ = {isa = PBXBuildFile; fileRef = 767D2F0326FF4D9EB9F0461E /* Manrope-Regular.ttf */; };
		62C0245BA4C6549A9687D2D5 /* WatchConnectivity.framework in Frameworks */ = {isa = PBXBuildFile; fileRef = 06260AB4591031AF3C77A31E /* WatchConnectivity.framework */; };
		6C16BAFDC3572D9A5FFEBC4D /* CaptureViewModel.swift in Sources */ = {isa = PBXBuildFile; fileRef = 8E474729CA03786C2C06780B /* CaptureViewModel.swift */; };
		6EA454AE1DB5F978DBB5BB0D /* ContentView.swift in Sources */ = {isa = PBXBuildFile; fileRef = 73C764DDF4531F7D0920FF10 /* ContentView.swift */; };
		6F8154501E400E37C5D23C44 /* Foundation.framework in Frameworks */ = {isa = PBXBuildFile; fileRef = 532513191ADA39D5B0B88B4E /* Foundation.framework */; };
		719585C47DC4BD9BCD809DB2 /* NoteListView.swift in Sources */ = {isa = PBXBuildFile; fileRef = A61D00DBA59CE5D4AC67FC1C /* NoteListView.swift */; };
		74471ED9ECA03C3CE193980D /* ExpoModulesProvider.swift in Sources */ = {isa = PBXBuildFile; fileRef = 7BC812BD2335FE0C873971F4 /* ExpoModulesProvider.swift */; };
		7543C33AB6CAB659DF28372A /* SlateModels.swift in Sources */ = {isa = PBXBuildFile; fileRef = 9649ECB56C6A9F1F6009FD86 /* SlateModels.swift */; };
		7699B88040F8A987B510C191 /* libPods-SlateApp-SlateAppTests.a in Frameworks */ = {isa = PBXBuildFile; fileRef = 19F6CBCC0A4E27FBF8BF4A61 /* libPods-SlateApp-SlateAppTests.a */; };
		76F5298F270EDB5AAF754213 /* ChatTabView.swift in Sources */ = {isa = PBXBuildFile; fileRef = 048D6EC81B9CE221F6401BC1 /* ChatTabView.swift */; };
		81AB9BB82411601600AC10FF /* LaunchScreen.storyboard in Resources */ = {isa = PBXBuildFile; fileRef = 81AB9BB72411601600AC10FF /* LaunchScreen.storyboard */; };
		8BBC04CB88FCA7EC6B1704B0 /* SpeechService.swift in Sources */ = {isa = PBXBuildFile; fileRef = 47EA93E3258D717110BFBB42 /* SpeechService.swift */; };
		992D2C32D89FDFDDA65FB68C /* DestinationPicker.swift in Sources */ = {isa = PBXBuildFile; fileRef = BD196C53FD8AA1F281E2F1B4 /* DestinationPicker.swift */; };
		9DFBA635E8074F5FBB6C0F26 /* Manrope-SemiBold.ttf in Resources */ = {isa = PBXBuildFile; fileRef = 194B580A0ADA422F8FEBA3D3 /* Manrope-SemiBold.ttf */; };
		9E7C25C94F022F360C19A3C8 /* WatchSessionBridge.swift in Sources */ = {isa = PBXBuildFile; fileRef = 0F46EE546734CB5C40295C40 /* WatchSessionBridge.swift */; };
		ADE6BCE7987636B7DC6797E6 /* SlateWatchApp.swift in Sources */ = {isa = PBXBuildFile; fileRef = 88104B5B3E5728154D9B2360 /* SlateWatchApp.swift */; };
		BC4EC2B0BD718E343E86E7EC /* WatchSessionBridge.m in Sources */ = {isa = PBXBuildFile; fileRef = 57E8264A313EE1653BE5AEE1 /* WatchSessionBridge.m */; };
		C0EA141B7869DB7CEB7A558D /* SectionListView.swift in Sources */ = {isa = PBXBuildFile; fileRef = 14E0CBD1B85BF93396FCF625 /* SectionListView.swift */; };
		C50D9E5C78459DC194331DAA /* NoteRowView.swift in Sources */ = {isa = PBXBuildFile; fileRef = A71460D2B332F847DEF21DDF /* NoteRowView.swift */; };
		CB56B097A96C9B007656BDB0 /* WatchSessionManager.swift in Sources */ = {isa = PBXBuildFile; fileRef = 485590111C2C19DCCA13FE96 /* WatchSessionManager.swift */; };
		CCFDAD2C04A8569A4F8F49D0 /* ChatMessageRow.swift in Sources */ = {isa = PBXBuildFile; fileRef = 10F48FE6DBBC0C0E669E38C1 /* ChatMessageRow.swift */; };
		DB06E9FDC028DD6CBD0C367C /* WatchConnectivity.framework in Frameworks */ = {isa = PBXBuildFile; fileRef = 57DA6906AEE8EA11B666EA55 /* WatchConnectivity.framework */; };
		E51FEDEF2F384AA8000C99F7 /* PrivacyInfo.xcprivacy in Resources */ = {isa = PBXBuildFile; fileRef = E51FEDEE2F384AA8000C99F7 /* PrivacyInfo.xcprivacy */; };
		F6415B166826B800A6FC5B71 /* Assets.xcassets in Resources */ = {isa = PBXBuildFile; fileRef = E0112633EC41A8DDBAF3ABF8 /* Assets.xcassets */; };
/* End PBXBuildFile section */

/* Begin PBXContainerItemProxy section */
		00E356F41AD99517003FC87E /* PBXContainerItemProxy */ = {
			isa = PBXContainerItemProxy;
			containerPortal = 83CBB9F71A601CBA00E9B192 /* Project object */;
			proxyType = 1;
			remoteGlobalIDString = 13B07F861A680F5B00A75B9A;
			remoteInfo = SlateApp;
		};
		6E433861AC3DF1C73192330C /* PBXContainerItemProxy */ = {
			isa = PBXContainerItemProxy;
			containerPortal = 83CBB9F71A601CBA00E9B192 /* Project object */;
			proxyType = 1;
			remoteGlobalIDString = 5AAAEC416C11D400CC8DF7D2;
			remoteInfo = SlateWatch;
		};
/* End PBXContainerItemProxy section */

/* Begin PBXCopyFilesBuildPhase section */
		9D79B5F06772C33F91A2F2FD /* Embed Watch Content */ = {
			isa = PBXCopyFilesBuildPhase;
			buildActionMask = 2147483647;
			dstPath = "";
			dstSubfolderSpec = 16;
			files = (
				2E385ECA5266DF65CFBD5413 /* SlateWatch.app in Embed Watch Content */,
			);
			name = "Embed Watch Content";
			runOnlyForDeploymentPostprocessing = 0;
		};
/* End PBXCopyFilesBuildPhase section */

/* Begin PBXFileReference section */
		00E356EE1AD99517003FC87E /* SlateAppTests.xctest */ = {isa = PBXFileReference; explicitFileType = wrapper.cfbundle; includeInIndex = 0; path = SlateAppTests.xctest; sourceTree = BUILT_PRODUCTS_DIR; };
		00E356F11AD99517003FC87E /* Info.plist */ = {isa = PBXFileReference; lastKnownFileType = text.plist.xml; path = Info.plist; sourceTree = "<group>"; };
		00E356F21AD99517003FC87E /* SlateAppTests.m */ = {isa = PBXFileReference; lastKnownFileType = sourcecode.c.objc; path = SlateAppTests.m; sourceTree = "<group>"; };
		018311012D8BF8EE78BC3D23 /* NotesTabView.swift */ = {isa = PBXFileReference; includeInIndex = 1; lastKnownFileType = sourcecode.swift; path = NotesTabView.swift; sourceTree = "<group>"; };
		048D6EC81B9CE221F6401BC1 /* ChatTabView.swift */ = {isa = PBXFileReference; includeInIndex = 1; lastKnownFileType = sourcecode.swift; path = ChatTabView.swift; sourceTree = "<group>"; };
		06260AB4591031AF3C77A31E /* WatchConnectivity.framework */ = {isa = PBXFileReference; lastKnownFileType = wrapper.framework; name = WatchConnectivity.framework; path = System/Library/Frameworks/WatchConnectivity.framework; sourceTree = SDKROOT; };
		07CF46E921A5DD7B4054AEEF /* SlateWatch.entitlements */ = {isa = PBXFileReference; includeInIndex = 1; lastKnownFileType = text.plist.entitlements; path = SlateWatch.entitlements; sourceTree = "<group>"; };
		0F46EE546734CB5C40295C40 /* WatchSessionBridge.swift */ = {isa = PBXFileReference; includeInIndex = 1; lastKnownFileType = sourcecode.swift; name = WatchSessionBridge.swift; path = SlateApp/WatchSessionBridge.swift; sourceTree = "<group>"; };
		10686DDBAAA23A2629D11551 /* WatchSessionService.swift */ = {isa = PBXFileReference; includeInIndex = 1; lastKnownFileType = sourcecode.swift; path = WatchSessionService.swift; sourceTree = "<group>"; };
		10F48FE6DBBC0C0E669E38C1 /* ChatMessageRow.swift */ = {isa = PBXFileReference; includeInIndex = 1; lastKnownFileType = sourcecode.swift; path = ChatMessageRow.swift; sourceTree = "<group>"; };
		13B07F961A680F5B00A75B9A /* SlateApp.app */ = {isa = PBXFileReference; explicitFileType = wrapper.application; includeInIndex = 0; path = SlateApp.app; sourceTree = BUILT_PRODUCTS_DIR; };
		13B07FAF1A68108700A75B9A /* AppDelegate.h */ = {isa = PBXFileReference; fileEncoding = 4; lastKnownFileType = sourcecode.c.h; name = AppDelegate.h; path = SlateApp/AppDelegate.h; sourceTree = "<group>"; };
		13B07FB01A68108700A75B9A /* AppDelegate.m */ = {isa = PBXFileReference; fileEncoding = 4; lastKnownFileType = sourcecode.c.objc; name = AppDelegate.m; path = SlateApp/AppDelegate.m; sourceTree = "<group>"; };
		13B07FB51A68108700A75B9A /* Images.xcassets */ = {isa = PBXFileReference; lastKnownFileType = folder.assetcatalog; name = Images.xcassets; path = SlateApp/Images.xcassets; sourceTree = "<group>"; };
		13B07FB61A68108700A75B9A /* Info.plist */ = {isa = PBXFileReference; fileEncoding = 4; lastKnownFileType = text.plist.xml; name = Info.plist; path = SlateApp/Info.plist; sourceTree = "<group>"; };
		13B07FB71A68108700A75B9A /* main.m */ = {isa = PBXFileReference; fileEncoding = 4; lastKnownFileType = sourcecode.c.objc; name = main.m; path = SlateApp/main.m; sourceTree = "<group>"; };
		14E0CBD1B85BF93396FCF625 /* SectionListView.swift */ = {isa = PBXFileReference; includeInIndex = 1; lastKnownFileType = sourcecode.swift; path = SectionListView.swift; sourceTree = "<group>"; };
		194B580A0ADA422F8FEBA3D3 /* Manrope-SemiBold.ttf */ = {isa = PBXFileReference; explicitFileType = undefined; fileEncoding = 9; includeInIndex = 0; lastKnownFileType = unknown; name = "Manrope-SemiBold.ttf"; path = "../assets/fonts/Manrope-SemiBold.ttf"; sourceTree = "<group>"; };
		19F6CBCC0A4E27FBF8BF4A61 /* libPods-SlateApp-SlateAppTests.a */ = {isa = PBXFileReference; explicitFileType = archive.ar; includeInIndex = 0; path = "libPods-SlateApp-SlateAppTests.a"; sourceTree = BUILT_PRODUCTS_DIR; };
		1E3F0212713E0E0CEBAC29ED /* Info.plist */ = {isa = PBXFileReference; includeInIndex = 1; lastKnownFileType = text.plist.xml; path = Info.plist; sourceTree = "<group>"; };
		28B9ECF82603A0B63D1A757C /* NotesViewModel.swift */ = {isa = PBXFileReference; includeInIndex = 1; lastKnownFileType = sourcecode.swift; path = NotesViewModel.swift; sourceTree = "<group>"; };
		3B4392A12AC88292D35C810B /* Pods-SlateApp.debug.xcconfig */ = {isa = PBXFileReference; includeInIndex = 1; lastKnownFileType = text.xcconfig; name = "Pods-SlateApp.debug.xcconfig"; path = "Target Support Files/Pods-SlateApp/Pods-SlateApp.debug.xcconfig"; sourceTree = "<group>"; };
		3BEE670F32A44E4EBF984ECD /* Manrope-Medium.ttf */ = {isa = PBXFileReference; explicitFileType = undefined; fileEncoding = 9; includeInIndex = 0; lastKnownFileType = unknown; name = "Manrope-Medium.ttf"; path = "../assets/fonts/Manrope-Medium.ttf"; sourceTree = "<group>"; };
		45D00457CBEF33C5F73BD774 /* CaptureTabView.swift */ = {isa = PBXFileReference; includeInIndex = 1; lastKnownFileType = sourcecode.swift; path = CaptureTabView.swift; sourceTree = "<group>"; };
		47EA93E3258D717110BFBB42 /* SpeechService.swift */ = {isa = PBXFileReference; includeInIndex = 1; lastKnownFileType = sourcecode.swift; path = SpeechService.swift; sourceTree = "<group>"; };
		485590111C2C19DCCA13FE96 /* WatchSessionManager.swift */ = {isa = PBXFileReference; includeInIndex = 1; lastKnownFileType = sourcecode.swift; name = WatchSessionManager.swift; path = SlateApp/WatchSessionManager.swift; sourceTree = "<group>"; };
		4AD5FB825D0C4F8EFCA7FC04 /* SlateApp-Bridging-Header.h */ = {isa = PBXFileReference; includeInIndex = 1; lastKnownFileType = sourcecode.c.h; name = "SlateApp-Bridging-Header.h"; path = "SlateApp/SlateApp-Bridging-Header.h"; sourceTree = "<group>"; };
		532513191ADA39D5B0B88B4E /* Foundation.framework */ = {isa = PBXFileReference; lastKnownFileType = wrapper.framework; name = Foundation.framework; path = Platforms/WatchOS.platform/Developer/SDKs/WatchOS11.0.sdk/System/Library/Frameworks/Foundation.framework; sourceTree = DEVELOPER_DIR; };
		5407D7C5C32298CE5F045CE1 /* SlateWatch.app */ = {isa = PBXFileReference; explicitFileType = wrapper.application; includeInIndex = 0; path = SlateWatch.app; sourceTree = BUILT_PRODUCTS_DIR; };
		5709B34CF0A7D63546082F79 /* Pods-SlateApp.release.xcconfig */ = {isa = PBXFileReference; includeInIndex = 1; lastKnownFileType = text.xcconfig; name = "Pods-SlateApp.release.xcconfig"; path = "Target Support Files/Pods-SlateApp/Pods-SlateApp.release.xcconfig"; sourceTree = "<group>"; };
		57DA6906AEE8EA11B666EA55 /* WatchConnectivity.framework */ = {isa = PBXFileReference; lastKnownFileType = wrapper.framework; name = WatchConnectivity.framework; path = System/Library/Frameworks/WatchConnectivity.framework; sourceTree = SDKROOT; };
		57E8264A313EE1653BE5AEE1 /* WatchSessionBridge.m */ = {isa = PBXFileReference; includeInIndex = 1; lastKnownFileType = sourcecode.c.objc; name = WatchSessionBridge.m; path = SlateApp/WatchSessionBridge.m; sourceTree = "<group>"; };
		5B7EB9410499542E8C5724F5 /* Pods-SlateApp-SlateAppTests.debug.xcconfig */ = {isa = PBXFileReference; includeInIndex = 1; lastKnownFileType = text.xcconfig; name = "Pods-SlateApp-SlateAppTests.debug.xcconfig"; path = "Target Support Files/Pods-SlateApp-SlateAppTests/Pods-SlateApp-SlateAppTests.debug.xcconfig"; sourceTree = "<group>"; };
		5DCACB8F33CDC322A6C60F78 /* libPods-SlateApp.a */ = {isa = PBXFileReference; explicitFileType = archive.ar; includeInIndex = 0; path = "libPods-SlateApp.a"; sourceTree = BUILT_PRODUCTS_DIR; };
		73C764DDF4531F7D0920FF10 /* ContentView.swift */ = {isa = PBXFileReference; includeInIndex = 1; lastKnownFileType = sourcecode.swift; path = ContentView.swift; sourceTree = "<group>"; };
		767D2F0326FF4D9EB9F0461E /* Manrope-Regular.ttf */ = {isa = PBXFileReference; explicitFileType = undefined; fileEncoding = 9; includeInIndex = 0; lastKnownFileType = unknown; name = "Manrope-Regular.ttf"; path = "../assets/fonts/Manrope-Regular.ttf"; sourceTree = "<group>"; };
		7B6E502580C9A8D4CC6BA228 /* ExpoModulesProvider.swift */ = {isa = PBXFileReference; includeInIndex = 1; lastKnownFileType = sourcecode.swift; name = ExpoModulesProvider.swift; path = "Pods/Target Support Files/Pods-SlateApp/ExpoModulesProvider.swift"; sourceTree = "<group>"; };
		7BC812BD2335FE0C873971F4 /* ExpoModulesProvider.swift */ = {isa = PBXFileReference; includeInIndex = 1; lastKnownFileType = sourcecode.swift; name = ExpoModulesProvider.swift; path = "Pods/Target Support Files/Pods-SlateApp-SlateAppTests/ExpoModulesProvider.swift"; sourceTree = "<group>"; };
		7E0B171AB9C7B61CCFC6C577 /* ChatViewModel.swift */ = {isa = PBXFileReference; includeInIndex = 1; lastKnownFileType = sourcecode.swift; path = ChatViewModel.swift; sourceTree = "<group>"; };
		81AB9BB72411601600AC10FF /* LaunchScreen.storyboard */ = {isa = PBXFileReference; fileEncoding = 4; lastKnownFileType = file.storyboard; name = LaunchScreen.storyboard; path = SlateApp/LaunchScreen.storyboard; sourceTree = "<group>"; };
		88104B5B3E5728154D9B2360 /* SlateWatchApp.swift */ = {isa = PBXFileReference; includeInIndex = 1; lastKnownFileType = sourcecode.swift; path = SlateWatchApp.swift; sourceTree = "<group>"; };
		89C6BE57DB24E9ADA2F236DE /* Pods-SlateApp-SlateAppTests.release.xcconfig */ = {isa = PBXFileReference; includeInIndex = 1; lastKnownFileType = text.xcconfig; name = "Pods-SlateApp-SlateAppTests.release.xcconfig"; path = "Target Support Files/Pods-SlateApp-SlateAppTests/Pods-SlateApp-SlateAppTests.release.xcconfig"; sourceTree = "<group>"; };
		8E474729CA03786C2C06780B /* CaptureViewModel.swift */ = {isa = PBXFileReference; includeInIndex = 1; lastKnownFileType = sourcecode.swift; path = CaptureViewModel.swift; sourceTree = "<group>"; };
		9649ECB56C6A9F1F6009FD86 /* SlateModels.swift */ = {isa = PBXFileReference; includeInIndex = 1; lastKnownFileType = sourcecode.swift; path = SlateModels.swift; sourceTree = "<group>"; };
		A0BA4D38ED06EDE550844E15 /* Speech.framework */ = {isa = PBXFileReference; lastKnownFileType = wrapper.framework; name = Speech.framework; path = System/Library/Frameworks/Speech.framework; sourceTree = SDKROOT; };
		A1B2C3D4E5F647890ABCDEF0 /* SlateApp.entitlements */ = {isa = PBXFileReference; lastKnownFileType = text.plist.entitlements; name = SlateApp.entitlements; path = SlateApp/SlateApp.entitlements; sourceTree = "<group>"; };
		A61D00DBA59CE5D4AC67FC1C /* NoteListView.swift */ = {isa = PBXFileReference; includeInIndex = 1; lastKnownFileType = sourcecode.swift; path = NoteListView.swift; sourceTree = "<group>"; };
		A71460D2B332F847DEF21DDF /* NoteRowView.swift */ = {isa = PBXFileReference; includeInIndex = 1; lastKnownFileType = sourcecode.swift; path = NoteRowView.swift; sourceTree = "<group>"; };
		BD196C53FD8AA1F281E2F1B4 /* DestinationPicker.swift */ = {isa = PBXFileReference; includeInIndex = 1; lastKnownFileType = sourcecode.swift; path = DestinationPicker.swift; sourceTree = "<group>"; };
		C839E92A6909AB64E401896C /* AuthService.swift */ = {isa = PBXFileReference; includeInIndex = 1; lastKnownFileType = sourcecode.swift; path = AuthService.swift; sourceTree = "<group>"; };
		E0112633EC41A8DDBAF3ABF8 /* Assets.xcassets */ = {isa = PBXFileReference; includeInIndex = 1; lastKnownFileType = folder.assetcatalog; path = Assets.xcassets; sourceTree = "<group>"; };
		E51FEDEE2F384AA8000C99F7 /* PrivacyInfo.xcprivacy */ = {isa = PBXFileReference; lastKnownFileType = text.xml; path = PrivacyInfo.xcprivacy; sourceTree = "<group>"; };
		ED297162215061F000B7C4FE /* JavaScriptCore.framework */ = {isa = PBXFileReference; lastKnownFileType = wrapper.framework; name = JavaScriptCore.framework; path = System/Library/Frameworks/JavaScriptCore.framework; sourceTree = SDKROOT; };
		EF7335DEAD1E0FBB8BD796E3 /* SupabaseService.swift */ = {isa = PBXFileReference; includeInIndex = 1; lastKnownFileType = sourcecode.swift; path = SupabaseService.swift; sourceTree = "<group>"; };
		FB19EABC5F853861B41595E8 /* AgentService.swift */ = {isa = PBXFileReference; includeInIndex = 1; lastKnownFileType = sourcecode.swift; path = AgentService.swift; sourceTree = "<group>"; };
/* End PBXFileReference section */

/* Begin PBXFrameworksBuildPhase section */
		00E356EB1AD99517003FC87E /* Frameworks */ = {
			isa = PBXFrameworksBuildPhase;
			buildActionMask = 2147483647;
			files = (
				7699B88040F8A987B510C191 /* libPods-SlateApp-SlateAppTests.a in Frameworks */,
			);
			runOnlyForDeploymentPostprocessing = 0;
		};
		13B07F8C1A680F5B00A75B9A /* Frameworks */ = {
			isa = PBXFrameworksBuildPhase;
			buildActionMask = 2147483647;
			files = (
				0C80B921A6F3F58F76C31292 /* libPods-SlateApp.a in Frameworks */,
				62C0245BA4C6549A9687D2D5 /* WatchConnectivity.framework in Frameworks */,
			);
			runOnlyForDeploymentPostprocessing = 0;
		};
		367E0FB1E50AAC60BC84D6C0 /* Frameworks */ = {
			isa = PBXFrameworksBuildPhase;
			buildActionMask = 2147483647;
			files = (
				6F8154501E400E37C5D23C44 /* Foundation.framework in Frameworks */,
				DB06E9FDC028DD6CBD0C367C /* WatchConnectivity.framework in Frameworks */,
			);
			runOnlyForDeploymentPostprocessing = 0;
		};
/* End PBXFrameworksBuildPhase section */

/* Begin PBXGroup section */
		00E356EF1AD99517003FC87E /* SlateAppTests */ = {
			isa = PBXGroup;
			children = (
				00E356F21AD99517003FC87E /* SlateAppTests.m */,
				00E356F01AD99517003FC87E /* Supporting Files */,
			);
			path = SlateAppTests;
			sourceTree = "<group>";
		};
		00E356F01AD99517003FC87E /* Supporting Files */ = {
			isa = PBXGroup;
			children = (
				00E356F11AD99517003FC87E /* Info.plist */,
			);
			name = "Supporting Files";
			sourceTree = "<group>";
		};
		0D85EFE8B515D1F0F5DBBC30 /* Chat */ = {
			isa = PBXGroup;
			children = (
				10F48FE6DBBC0C0E669E38C1 /* ChatMessageRow.swift */,
				048D6EC81B9CE221F6401BC1 /* ChatTabView.swift */,
			);
			path = Chat;
			sourceTree = "<group>";
		};
		13B07FAE1A68108700A75B9A /* SlateApp */ = {
			isa = PBXGroup;
			children = (
				A1B2C3D4E5F647890ABCDEF0 /* SlateApp.entitlements */,
				E51FEDEE2F384AA8000C99F7 /* PrivacyInfo.xcprivacy */,
				13B07FAF1A68108700A75B9A /* AppDelegate.h */,
				13B07FB01A68108700A75B9A /* AppDelegate.m */,
				13B07FB51A68108700A75B9A /* Images.xcassets */,
				13B07FB61A68108700A75B9A /* Info.plist */,
				81AB9BB72411601600AC10FF /* LaunchScreen.storyboard */,
				13B07FB71A68108700A75B9A /* main.m */,
				485590111C2C19DCCA13FE96 /* WatchSessionManager.swift */,
				0F46EE546734CB5C40295C40 /* WatchSessionBridge.swift */,
				57E8264A313EE1653BE5AEE1 /* WatchSessionBridge.m */,
				4AD5FB825D0C4F8EFCA7FC04 /* SlateApp-Bridging-Header.h */,
			);
			name = SlateApp;
			sourceTree = "<group>";
		};
		196894009EE1E027BBCDEE5C /* Capture */ = {
			isa = PBXGroup;
			children = (
				45D00457CBEF33C5F73BD774 /* CaptureTabView.swift */,
				BD196C53FD8AA1F281E2F1B4 /* DestinationPicker.swift */,
			);
			path = Capture;
			sourceTree = "<group>";
		};
		2D16E6871FA4F8E400B85C8A /* Frameworks */ = {
			isa = PBXGroup;
			children = (
				ED297162215061F000B7C4FE /* JavaScriptCore.framework */,
				5DCACB8F33CDC322A6C60F78 /* libPods-SlateApp.a */,
				19F6CBCC0A4E27FBF8BF4A61 /* libPods-SlateApp-SlateAppTests.a */,
				42AC168210BE77A1D8333B0F /* watchOS */,
				57DA6906AEE8EA11B666EA55 /* WatchConnectivity.framework */,
				A0BA4D38ED06EDE550844E15 /* Speech.framework */,
				06260AB4591031AF3C77A31E /* WatchConnectivity.framework */,
			);
			name = Frameworks;
			sourceTree = "<group>";
		};
		42AC168210BE77A1D8333B0F /* watchOS */ = {
			isa = PBXGroup;
			children = (
				532513191ADA39D5B0B88B4E /* Foundation.framework */,
			);
			name = watchOS;
			sourceTree = "<group>";
		};
		43FA71B927B2231365296FF5 /* ViewModels */ = {
			isa = PBXGroup;
			children = (
				8E474729CA03786C2C06780B /* CaptureViewModel.swift */,
				7E0B171AB9C7B61CCFC6C577 /* ChatViewModel.swift */,
				28B9ECF82603A0B63D1A757C /* NotesViewModel.swift */,
			);
			path = ViewModels;
			sourceTree = "<group>";
		};
		487F7EC4536F9B761D2A1349 /* Views */ = {
			isa = PBXGroup;
			children = (
				0D85EFE8B515D1F0F5DBBC30 /* Chat */,
				7DE7C1362C625C02D976BC27 /* Notes */,
				196894009EE1E027BBCDEE5C /* Capture */,
			);
			path = Views;
			sourceTree = "<group>";
		};
		54B3614681B4438E379B9279 /* Services */ = {
			isa = PBXGroup;
			children = (
				FB19EABC5F853861B41595E8 /* AgentService.swift */,
				C839E92A6909AB64E401896C /* AuthService.swift */,
				47EA93E3258D717110BFBB42 /* SpeechService.swift */,
				EF7335DEAD1E0FBB8BD796E3 /* SupabaseService.swift */,
				10686DDBAAA23A2629D11551 /* WatchSessionService.swift */,
			);
			path = Services;
			sourceTree = "<group>";
		};
		76BBFC6E380E3342DA6EAC92 /* SlateWatch */ = {
			isa = PBXGroup;
			children = (
				88104B5B3E5728154D9B2360 /* SlateWatchApp.swift */,
				73C764DDF4531F7D0920FF10 /* ContentView.swift */,
				1E3F0212713E0E0CEBAC29ED /* Info.plist */,
				07CF46E921A5DD7B4054AEEF /* SlateWatch.entitlements */,
				E0112633EC41A8DDBAF3ABF8 /* Assets.xcassets */,
				8DA4927E524B7F8ED8DF65A5 /* Models */,
				54B3614681B4438E379B9279 /* Services */,
				43FA71B927B2231365296FF5 /* ViewModels */,
				487F7EC4536F9B761D2A1349 /* Views */,
			);
			path = SlateWatch;
			sourceTree = "<group>";
		};
		7DE7C1362C625C02D976BC27 /* Notes */ = {
			isa = PBXGroup;
			children = (
				A61D00DBA59CE5D4AC67FC1C /* NoteListView.swift */,
				A71460D2B332F847DEF21DDF /* NoteRowView.swift */,
				018311012D8BF8EE78BC3D23 /* NotesTabView.swift */,
				14E0CBD1B85BF93396FCF625 /* SectionListView.swift */,
			);
			path = Notes;
			sourceTree = "<group>";
		};
		832341AE1AAA6A7D00B99B32 /* Libraries */ = {
			isa = PBXGroup;
			children = (
			);
			name = Libraries;
			sourceTree = "<group>";
		};
		83CBB9F61A601CBA00E9B192 = {
			isa = PBXGroup;
			children = (
				13B07FAE1A68108700A75B9A /* SlateApp */,
				832341AE1AAA6A7D00B99B32 /* Libraries */,
				00E356EF1AD99517003FC87E /* SlateAppTests */,
				83CBBA001A601CBA00E9B192 /* Products */,
				2D16E6871FA4F8E400B85C8A /* Frameworks */,
				BBD78D7AC51CEA395F1C20DB /* Pods */,
				C6BF4F2655FB435F93345BBE /* Resources */,
				76BBFC6E380E3342DA6EAC92 /* SlateWatch */,
				906D6EA66A10C3A4F0D75C25 /* ExpoModulesProviders */,
			);
			indentWidth = 2;
			sourceTree = "<group>";
			tabWidth = 2;
			usesTabs = 0;
		};
		83CBBA001A601CBA00E9B192 /* Products */ = {
			isa = PBXGroup;
			children = (
				13B07F961A680F5B00A75B9A /* SlateApp.app */,
				00E356EE1AD99517003FC87E /* SlateAppTests.xctest */,
				5407D7C5C32298CE5F045CE1 /* SlateWatch.app */,
			);
			name = Products;
			sourceTree = "<group>";
		};
		8DA4927E524B7F8ED8DF65A5 /* Models */ = {
			isa = PBXGroup;
			children = (
				9649ECB56C6A9F1F6009FD86 /* SlateModels.swift */,
			);
			path = Models;
			sourceTree = "<group>";
		};
		906D6EA66A10C3A4F0D75C25 /* ExpoModulesProviders */ = {
			isa = PBXGroup;
			children = (
				DACFF581ECFFE21ABC880650 /* SlateApp */,
				9A6418000AE416842977CFF4 /* SlateAppTests */,
			);
			name = ExpoModulesProviders;
			sourceTree = "<group>";
		};
		9A6418000AE416842977CFF4 /* SlateAppTests */ = {
			isa = PBXGroup;
			children = (
				7BC812BD2335FE0C873971F4 /* ExpoModulesProvider.swift */,
			);
			name = SlateAppTests;
			sourceTree = "<group>";
		};
		BBD78D7AC51CEA395F1C20DB /* Pods */ = {
			isa = PBXGroup;
			children = (
				3B4392A12AC88292D35C810B /* Pods-SlateApp.debug.xcconfig */,
				5709B34CF0A7D63546082F79 /* Pods-SlateApp.release.xcconfig */,
				5B7EB9410499542E8C5724F5 /* Pods-SlateApp-SlateAppTests.debug.xcconfig */,
				89C6BE57DB24E9ADA2F236DE /* Pods-SlateApp-SlateAppTests.release.xcconfig */,
			);
			path = Pods;
			sourceTree = "<group>";
		};
		C6BF4F2655FB435F93345BBE /* Resources */ = {
			isa = PBXGroup;
			children = (
				3BEE670F32A44E4EBF984ECD /* Manrope-Medium.ttf */,
				194B580A0ADA422F8FEBA3D3 /* Manrope-SemiBold.ttf */,
				767D2F0326FF4D9EB9F0461E /* Manrope-Regular.ttf */,
			);
			name = Resources;
			sourceTree = "<group>";
		};
		DACFF581ECFFE21ABC880650 /* SlateApp */ = {
			isa = PBXGroup;
			children = (
				7B6E502580C9A8D4CC6BA228 /* ExpoModulesProvider.swift */,
			);
			name = SlateApp;
			sourceTree = "<group>";
		};
/* End PBXGroup section */

/* Begin PBXNativeTarget section */
		00E356ED1AD99517003FC87E /* SlateAppTests */ = {
			isa = PBXNativeTarget;
			buildConfigurationList = 00E357021AD99517003FC87E /* Build configuration list for PBXNativeTarget "SlateAppTests" */;
			buildPhases = (
				A55EABD7B0C7F3A422A6CC61 /* [CP] Check Pods Manifest.lock */,
				212210B624D18F7925723A36 /* [Expo] Configure project */,
				00E356EA1AD99517003FC87E /* Sources */,
				00E356EB1AD99517003FC87E /* Frameworks */,
				00E356EC1AD99517003FC87E /* Resources */,
				C59DA0FBD6956966B86A3779 /* [CP] Embed Pods Frameworks */,
				F6A41C54EA430FDDC6A6ED99 /* [CP] Copy Pods Resources */,
			);
			buildRules = (
			);
			dependencies = (
				00E356F51AD99517003FC87E /* PBXTargetDependency */,
			);
			name = SlateAppTests;
			productName = SlateAppTests;
			productReference = 00E356EE1AD99517003FC87E /* SlateAppTests.xctest */;
			productType = "com.apple.product-type.bundle.unit-test";
		};
		13B07F861A680F5B00A75B9A /* SlateApp */ = {
			isa = PBXNativeTarget;
			buildConfigurationList = 13B07F931A680F5B00A75B9A /* Build configuration list for PBXNativeTarget "SlateApp" */;
			buildPhases = (
				C38B50BA6285516D6DCD4F65 /* [CP] Check Pods Manifest.lock */,
				5170BDE3072EA5EE8E309BCA /* [Expo] Configure project */,
				13B07F871A680F5B00A75B9A /* Sources */,
				13B07F8C1A680F5B00A75B9A /* Frameworks */,
				13B07F8E1A680F5B00A75B9A /* Resources */,
				00DD1BFF1BD5951E006B06BC /* Bundle React Native code and images */,
				00EEFC60759A1932668264C0 /* [CP] Embed Pods Frameworks */,
				E235C05ADACE081382539298 /* [CP] Copy Pods Resources */,
				9D79B5F06772C33F91A2F2FD /* Embed Watch Content */,
			);
			buildRules = (
			);
			dependencies = (
				1FF1AA74EDA67C9EB16EE893 /* PBXTargetDependency */,
			);
			name = SlateApp;
			productName = SlateApp;
			productReference = 13B07F961A680F5B00A75B9A /* SlateApp.app */;
			productType = "com.apple.product-type.application";
		};
		5AAAEC416C11D400CC8DF7D2 /* SlateWatch */ = {
			isa = PBXNativeTarget;
			buildConfigurationList = E2BD8739D21228EE57DF5C94 /* Build configuration list for PBXNativeTarget "SlateWatch" */;
			buildPhases = (
				44E45EABA378F5DCF20D4B4B /* Sources */,
				367E0FB1E50AAC60BC84D6C0 /* Frameworks */,
				8B9BC061DE2E13800A9891A8 /* Resources */,
			);
			buildRules = (
			);
			dependencies = (
			);
			name = SlateWatch;
			productName = SlateWatch;
			productReference = 5407D7C5C32298CE5F045CE1 /* SlateWatch.app */;
			productType = "com.apple.product-type.application";
		};
/* End PBXNativeTarget section */

/* Begin PBXProject section */
		83CBB9F71A601CBA00E9B192 /* Project object */ = {
			isa = PBXProject;
			attributes = {
				LastUpgradeCheck = 1210;
				TargetAttributes = {
					00E356ED1AD99517003FC87E = {
						CreatedOnToolsVersion = 6.2;
						TestTargetID = 13B07F861A680F5B00A75B9A;
					};
					13B07F861A680F5B00A75B9A = {
						LastSwiftMigration = 1120;
					};
				};
			};
			buildConfigurationList = 83CBB9FA1A601CBA00E9B192 /* Build configuration list for PBXProject "SlateApp" */;
			compatibilityVersion = "Xcode 12.0";
			developmentRegion = en;
			hasScannedForEncodings = 0;
			knownRegions = (
				en,
				Base,
			);
			mainGroup = 83CBB9F61A601CBA00E9B192;
			productRefGroup = 83CBBA001A601CBA00E9B192 /* Products */;
			projectDirPath = "";
			projectRoot = "";
			targets = (
				13B07F861A680F5B00A75B9A /* SlateApp */,
				00E356ED1AD99517003FC87E /* SlateAppTests */,
				5AAAEC416C11D400CC8DF7D2 /* SlateWatch */,
			);
		};
/* End PBXProject section */

/* Begin PBXResourcesBuildPhase section */
		00E356EC1AD99517003FC87E /* Resources */ = {
			isa = PBXResourcesBuildPhase;
			buildActionMask = 2147483647;
			files = (
			);
			runOnlyForDeploymentPostprocessing = 0;
		};
		13B07F8E1A680F5B00A75B9A /* Resources */ = {
			isa = PBXResourcesBuildPhase;
			buildActionMask = 2147483647;
			files = (
				E51FEDEF2F384AA8000C99F7 /* PrivacyInfo.xcprivacy in Resources */,
				81AB9BB82411601600AC10FF /* LaunchScreen.storyboard in Resources */,
				13B07FBF1A68108700A75B9A /* Images.xcassets in Resources */,
				0C3F537AB5564BFE891461D8 /* Manrope-Medium.ttf in Resources */,
				9DFBA635E8074F5FBB6C0F26 /* Manrope-SemiBold.ttf in Resources */,
				6104D10AA1DB4DABAF4C7646 /* Manrope-Regular.ttf in Resources */,
			);
			runOnlyForDeploymentPostprocessing = 0;
		};
		8B9BC061DE2E13800A9891A8 /* Resources */ = {
			isa = PBXResourcesBuildPhase;
			buildActionMask = 2147483647;
			files = (
				F6415B166826B800A6FC5B71 /* Assets.xcassets in Resources */,
			);
			runOnlyForDeploymentPostprocessing = 0;
		};
/* End PBXResourcesBuildPhase section */

/* Begin PBXShellScriptBuildPhase section */
		00DD1BFF1BD5951E006B06BC /* Bundle React Native code and images */ = {
			isa = PBXShellScriptBuildPhase;
			buildActionMask = 2147483647;
			files = (
			);
			inputPaths = (
				"$(SRCROOT)/.xcode.env.local",
				"$(SRCROOT)/.xcode.env",
			);
			name = "Bundle React Native code and images";
			outputPaths = (
			);
			runOnlyForDeploymentPostprocessing = 0;
			shellPath = /bin/sh;
			shellScript = "if [[ -f \"$PODS_ROOT/../.xcode.env\" ]]; then\n  source \"$PODS_ROOT/../.xcode.env\"\nfi\nif [[ -f \"$PODS_ROOT/../.xcode.env.local\" ]]; then\n  source \"$PODS_ROOT/../.xcode.env.local\"\nfi\n\n# The project root by default is one level up from the ios directory\nexport PROJECT_ROOT=\"$PROJECT_DIR\"/..\n\nif [[ \"$CONFIGURATION\" = *Debug* ]]; then\n  export SKIP_BUNDLING=1\nfi\nif [[ -z \"$ENTRY_FILE\" ]]; then\n  # Set the entry JS file using the bundler's entry resolution.\n  export ENTRY_FILE=\"$(\"$NODE_BINARY\" -e \"require('expo/scripts/resolveAppEntry')\" \"$PROJECT_ROOT\" ios absolute | tail -n 1)\"\nfi\n\nif [[ -z \"$CLI_PATH\" ]]; then\n  # Use Expo CLI\n  export CLI_PATH=\"$(\"$NODE_BINARY\" --print \"require.resolve('@expo/cli')\")\"\nfi\nif [[ -z \"$BUNDLE_COMMAND\" ]]; then\n  # Default Expo CLI command for bundling\n  export BUNDLE_COMMAND=\"export:embed\"\nfi\n\n`\"$NODE_BINARY\" --print \"require('path').dirname(require.resolve('react-native/package.json')) + '/scripts/react-native-xcode.sh'\"`\n";
		};
		00EEFC60759A1932668264C0 /* [CP] Embed Pods Frameworks */ = {
			isa = PBXShellScriptBuildPhase;
			buildActionMask = 2147483647;
			files = (
			);
			inputFileListPaths = (
				"${PODS_ROOT}/Target Support Files/Pods-SlateApp/Pods-SlateApp-frameworks-${CONFIGURATION}-input-files.xcfilelist",
			);
			name = "[CP] Embed Pods Frameworks";
			outputFileListPaths = (
				"${PODS_ROOT}/Target Support Files/Pods-SlateApp/Pods-SlateApp-frameworks-${CONFIGURATION}-output-files.xcfilelist",
			);
			runOnlyForDeploymentPostprocessing = 0;
			shellPath = /bin/sh;
			shellScript = "\"${PODS_ROOT}/Target Support Files/Pods-SlateApp/Pods-SlateApp-frameworks.sh\"\n";
			showEnvVarsInLog = 0;
		};
		212210B624D18F7925723A36 /* [Expo] Configure project */ = {
			isa = PBXShellScriptBuildPhase;
			alwaysOutOfDate = 1;
			buildActionMask = 2147483647;
			files = (
			);
			inputFileListPaths = (
			);
			inputPaths = (
			);
			name = "[Expo] Configure project";
			outputFileListPaths = (
			);
			outputPaths = (
			);
			runOnlyForDeploymentPostprocessing = 0;
			shellPath = /bin/sh;
			shellScript = "# This script configures Expo modules and generates the modules provider file.\nbash -l -c \"./Pods/Target\\ Support\\ Files/Pods-SlateApp-SlateAppTests/expo-configure-project.sh\"\n";
		};
		5170BDE3072EA5EE8E309BCA /* [Expo] Configure project */ = {
			isa = PBXShellScriptBuildPhase;
			alwaysOutOfDate = 1;
			buildActionMask = 2147483647;
			files = (
			);
			inputFileListPaths = (
			);
			inputPaths = (
			);
			name = "[Expo] Configure project";
			outputFileListPaths = (
			);
			outputPaths = (
			);
			runOnlyForDeploymentPostprocessing = 0;
			shellPath = /bin/sh;
			shellScript = "# This script configures Expo modules and generates the modules provider file.\nbash -l -c \"./Pods/Target\\ Support\\ Files/Pods-SlateApp/expo-configure-project.sh\"\n";
		};
		A55EABD7B0C7F3A422A6CC61 /* [CP] Check Pods Manifest.lock */ = {
			isa = PBXShellScriptBuildPhase;
			buildActionMask = 2147483647;
			files = (
			);
			inputFileListPaths = (
			);
			inputPaths = (
				"${PODS_PODFILE_DIR_PATH}/Podfile.lock",
				"${PODS_ROOT}/Manifest.lock",
			);
			name = "[CP] Check Pods Manifest.lock";
			outputFileListPaths = (
			);
			outputPaths = (
				"$(DERIVED_FILE_DIR)/Pods-SlateApp-SlateAppTests-checkManifestLockResult.txt",
			);
			runOnlyForDeploymentPostprocessing = 0;
			shellPath = /bin/sh;
			shellScript = "diff \"${PODS_PODFILE_DIR_PATH}/Podfile.lock\" \"${PODS_ROOT}/Manifest.lock\" > /dev/null\nif [ $? != 0 ] ; then\n    # print error to STDERR\n    echo \"error: The sandbox is not in sync with the Podfile.lock. Run 'pod install' or update your CocoaPods installation.\" >&2\n    exit 1\nfi\n# This output is used by Xcode 'outputs' to avoid re-running this script phase.\necho \"SUCCESS\" > \"${SCRIPT_OUTPUT_FILE_0}\"\n";
			showEnvVarsInLog = 0;
		};
		C38B50BA6285516D6DCD4F65 /* [CP] Check Pods Manifest.lock */ = {
			isa = PBXShellScriptBuildPhase;
			buildActionMask = 2147483647;
			files = (
			);
			inputFileListPaths = (
			);
			inputPaths = (
				"${PODS_PODFILE_DIR_PATH}/Podfile.lock",
				"${PODS_ROOT}/Manifest.lock",
			);
			name = "[CP] Check Pods Manifest.lock";
			outputFileListPaths = (
			);
			outputPaths = (
				"$(DERIVED_FILE_DIR)/Pods-SlateApp-checkManifestLockResult.txt",
			);
			runOnlyForDeploymentPostprocessing = 0;
			shellPath = /bin/sh;
			shellScript = "diff \"${PODS_PODFILE_DIR_PATH}/Podfile.lock\" \"${PODS_ROOT}/Manifest.lock\" > /dev/null\nif [ $? != 0 ] ; then\n    # print error to STDERR\n    echo \"error: The sandbox is not in sync with the Podfile.lock. Run 'pod install' or update your CocoaPods installation.\" >&2\n    exit 1\nfi\n# This output is used by Xcode 'outputs' to avoid re-running this script phase.\necho \"SUCCESS\" > \"${SCRIPT_OUTPUT_FILE_0}\"\n";
			showEnvVarsInLog = 0;
		};
		C59DA0FBD6956966B86A3779 /* [CP] Embed Pods Frameworks */ = {
			isa = PBXShellScriptBuildPhase;
			buildActionMask = 2147483647;
			files = (
			);
			inputFileListPaths = (
				"${PODS_ROOT}/Target Support Files/Pods-SlateApp-SlateAppTests/Pods-SlateApp-SlateAppTests-frameworks-${CONFIGURATION}-input-files.xcfilelist",
			);
			name = "[CP] Embed Pods Frameworks";
			outputFileListPaths = (
				"${PODS_ROOT}/Target Support Files/Pods-SlateApp-SlateAppTests/Pods-SlateApp-SlateAppTests-frameworks-${CONFIGURATION}-output-files.xcfilelist",
			);
			runOnlyForDeploymentPostprocessing = 0;
			shellPath = /bin/sh;
			shellScript = "\"${PODS_ROOT}/Target Support Files/Pods-SlateApp-SlateAppTests/Pods-SlateApp-SlateAppTests-frameworks.sh\"\n";
			showEnvVarsInLog = 0;
		};
		E235C05ADACE081382539298 /* [CP] Copy Pods Resources */ = {
			isa = PBXShellScriptBuildPhase;
			buildActionMask = 2147483647;
			files = (
			);
			inputFileListPaths = (
				"${PODS_ROOT}/Target Support Files/Pods-SlateApp/Pods-SlateApp-resources-${CONFIGURATION}-input-files.xcfilelist",
			);
			name = "[CP] Copy Pods Resources";
			outputFileListPaths = (
				"${PODS_ROOT}/Target Support Files/Pods-SlateApp/Pods-SlateApp-resources-${CONFIGURATION}-output-files.xcfilelist",
			);
			runOnlyForDeploymentPostprocessing = 0;
			shellPath = /bin/sh;
			shellScript = "\"${PODS_ROOT}/Target Support Files/Pods-SlateApp/Pods-SlateApp-resources.sh\"\n";
			showEnvVarsInLog = 0;
		};
		F6A41C54EA430FDDC6A6ED99 /* [CP] Copy Pods Resources */ = {
			isa = PBXShellScriptBuildPhase;
			buildActionMask = 2147483647;
			files = (
			);
			inputFileListPaths = (
				"${PODS_ROOT}/Target Support Files/Pods-SlateApp-SlateAppTests/Pods-SlateApp-SlateAppTests-resources-${CONFIGURATION}-input-files.xcfilelist",
			);
			name = "[CP] Copy Pods Resources";
			outputFileListPaths = (
				"${PODS_ROOT}/Target Support Files/Pods-SlateApp-SlateAppTests/Pods-SlateApp-SlateAppTests-resources-${CONFIGURATION}-output-files.xcfilelist",
			);
			runOnlyForDeploymentPostprocessing = 0;
			shellPath = /bin/sh;
			shellScript = "\"${PODS_ROOT}/Target Support Files/Pods-SlateApp-SlateAppTests/Pods-SlateApp-SlateAppTests-resources.sh\"\n";
			showEnvVarsInLog = 0;
		};
/* End PBXShellScriptBuildPhase section */

/* Begin PBXSourcesBuildPhase section */
		00E356EA1AD99517003FC87E /* Sources */ = {
			isa = PBXSourcesBuildPhase;
			buildActionMask = 2147483647;
			files = (
				00E356F31AD99517003FC87E /* SlateAppTests.m in Sources */,
				74471ED9ECA03C3CE193980D /* ExpoModulesProvider.swift in Sources */,
			);
			runOnlyForDeploymentPostprocessing = 0;
		};
		13B07F871A680F5B00A75B9A /* Sources */ = {
			isa = PBXSourcesBuildPhase;
			buildActionMask = 2147483647;
			files = (
				13B07FBC1A68108700A75B9A /* AppDelegate.m in Sources */,
				13B07FC11A68108700A75B9A /* main.m in Sources */,
				CB56B097A96C9B007656BDB0 /* WatchSessionManager.swift in Sources */,
				9E7C25C94F022F360C19A3C8 /* WatchSessionBridge.swift in Sources */,
				BC4EC2B0BD718E343E86E7EC /* WatchSessionBridge.m in Sources */,
				279372CED2A422501AF243C1 /* ExpoModulesProvider.swift in Sources */,
			);
			runOnlyForDeploymentPostprocessing = 0;
		};
		44E45EABA378F5DCF20D4B4B /* Sources */ = {
			isa = PBXSourcesBuildPhase;
			buildActionMask = 2147483647;
			files = (
				ADE6BCE7987636B7DC6797E6 /* SlateWatchApp.swift in Sources */,
				6EA454AE1DB5F978DBB5BB0D /* ContentView.swift in Sources */,
				7543C33AB6CAB659DF28372A /* SlateModels.swift in Sources */,
				0AFF4AD086EEA6C0E2654388 /* AgentService.swift in Sources */,
				58EA9797444C83AE89571EE8 /* AuthService.swift in Sources */,
				8BBC04CB88FCA7EC6B1704B0 /* SpeechService.swift in Sources */,
				2A85A1EFBF2EC9113C0BCCD8 /* SupabaseService.swift in Sources */,
				089F61A831492CCD8705A4A5 /* WatchSessionService.swift in Sources */,
				6C16BAFDC3572D9A5FFEBC4D /* CaptureViewModel.swift in Sources */,
				2F9F64B76AE3773CE429DEB5 /* ChatViewModel.swift in Sources */,
				19D93C68DDC9B888D4ADD6F6 /* NotesViewModel.swift in Sources */,
				CCFDAD2C04A8569A4F8F49D0 /* ChatMessageRow.swift in Sources */,
				76F5298F270EDB5AAF754213 /* ChatTabView.swift in Sources */,
				719585C47DC4BD9BCD809DB2 /* NoteListView.swift in Sources */,
				C50D9E5C78459DC194331DAA /* NoteRowView.swift in Sources */,
				26050C1BD865EF7906564B76 /* NotesTabView.swift in Sources */,
				C0EA141B7869DB7CEB7A558D /* SectionListView.swift in Sources */,
				205AE9E2D2D08F0AD7B59001 /* CaptureTabView.swift in Sources */,
				992D2C32D89FDFDDA65FB68C /* DestinationPicker.swift in Sources */,
			);
			runOnlyForDeploymentPostprocessing = 0;
		};
/* End PBXSourcesBuildPhase section */

/* Begin PBXTargetDependency section */
		00E356F51AD99517003FC87E /* PBXTargetDependency */ = {
			isa = PBXTargetDependency;
			target = 13B07F861A680F5B00A75B9A /* SlateApp */;
			targetProxy = 00E356F41AD99517003FC87E /* PBXContainerItemProxy */;
		};
		1FF1AA74EDA67C9EB16EE893 /* PBXTargetDependency */ = {
			isa = PBXTargetDependency;
			name = SlateWatch;
			target = 5AAAEC416C11D400CC8DF7D2 /* SlateWatch */;
			targetProxy = 6E433861AC3DF1C73192330C /* PBXContainerItemProxy */;
		};
/* End PBXTargetDependency section */

/* Begin XCBuildConfiguration section */
		00E356F61AD99517003FC87E /* Debug */ = {
			isa = XCBuildConfiguration;
			baseConfigurationReference = 5B7EB9410499542E8C5724F5 /* Pods-SlateApp-SlateAppTests.debug.xcconfig */;
			buildSettings = {
				BUNDLE_LOADER = "$(TEST_HOST)";
				GCC_PREPROCESSOR_DEFINITIONS = (
					"DEBUG=1",
					"$(inherited)",
				);
				INFOPLIST_FILE = SlateAppTests/Info.plist;
				IPHONEOS_DEPLOYMENT_TARGET = 13.4;
				LD_RUNPATH_SEARCH_PATHS = (
					"$(inherited)",
					"@executable_path/Frameworks",
					"@loader_path/Frameworks",
				);
				OTHER_LDFLAGS = (
					"-ObjC",
					"-lc++",
					"$(inherited)",
				);
				OTHER_SWIFT_FLAGS = "$(inherited) -D EXPO_CONFIGURATION_DEBUG";
				PRODUCT_BUNDLE_IDENTIFIER = co.opsapp.slate;
				PRODUCT_NAME = "$(TARGET_NAME)";
				SWIFT_VERSION = 5.0;
				TEST_HOST = "$(BUILT_PRODUCTS_DIR)/SlateApp.app/SlateApp";
			};
			name = Debug;
		};
		00E356F71AD99517003FC87E /* Release */ = {
			isa = XCBuildConfiguration;
			baseConfigurationReference = 89C6BE57DB24E9ADA2F236DE /* Pods-SlateApp-SlateAppTests.release.xcconfig */;
			buildSettings = {
				BUNDLE_LOADER = "$(TEST_HOST)";
				COPY_PHASE_STRIP = NO;
				INFOPLIST_FILE = SlateAppTests/Info.plist;
				IPHONEOS_DEPLOYMENT_TARGET = 13.4;
				LD_RUNPATH_SEARCH_PATHS = (
					"$(inherited)",
					"@executable_path/Frameworks",
					"@loader_path/Frameworks",
				);
				OTHER_LDFLAGS = (
					"-ObjC",
					"-lc++",
					"$(inherited)",
				);
				OTHER_SWIFT_FLAGS = "$(inherited) -D EXPO_CONFIGURATION_RELEASE";
				PRODUCT_BUNDLE_IDENTIFIER = co.opsapp.slate;
				PRODUCT_NAME = "$(TARGET_NAME)";
				SWIFT_VERSION = 5.0;
				TEST_HOST = "$(BUILT_PRODUCTS_DIR)/SlateApp.app/SlateApp";
			};
			name = Release;
		};
		13B07F941A680F5B00A75B9A /* Debug */ = {
			isa = XCBuildConfiguration;
			baseConfigurationReference = 3B4392A12AC88292D35C810B /* Pods-SlateApp.debug.xcconfig */;
			buildSettings = {
				ASSETCATALOG_COMPILER_APPICON_NAME = AppIcon;
				CLANG_ENABLE_MODULES = YES;
				CODE_SIGN_ENTITLEMENTS = SlateApp/SlateApp.entitlements;
				CURRENT_PROJECT_VERSION = 1;
				DEVELOPMENT_TEAM = X47H96M34K;
				ENABLE_BITCODE = NO;
				INFOPLIST_FILE = SlateApp/Info.plist;
				INFOPLIST_KEY_LSApplicationCategoryType = "public.app-category.productivity";
				LD_RUNPATH_SEARCH_PATHS = (
					"$(inherited)",
					"@executable_path/Frameworks",
				);
				MARKETING_VERSION = 1.0;
				OTHER_LDFLAGS = (
					"$(inherited)",
					"-ObjC",
					"-lc++",
				);
				OTHER_SWIFT_FLAGS = "$(inherited) -D EXPO_CONFIGURATION_DEBUG";
				PRODUCT_BUNDLE_IDENTIFIER = co.opsapp.slate;
				PRODUCT_NAME = SlateApp;
				SWIFT_OBJC_BRIDGING_HEADER = "SlateApp/SlateApp-Bridging-Header.h";
				SWIFT_OPTIMIZATION_LEVEL = "-Onone";
				SWIFT_VERSION = 5.0;
				VERSIONING_SYSTEM = "apple-generic";
			};
			name = Debug;
		};
		13B07F951A680F5B00A75B9A /* Release */ = {
			isa = XCBuildConfiguration;
			baseConfigurationReference = 5709B34CF0A7D63546082F79 /* Pods-SlateApp.release.xcconfig */;
			buildSettings = {
				ASSETCATALOG_COMPILER_APPICON_NAME = AppIcon;
				CLANG_ENABLE_MODULES = YES;
				CODE_SIGN_ENTITLEMENTS = SlateApp/SlateApp.entitlements;
				CURRENT_PROJECT_VERSION = 1;
				DEVELOPMENT_TEAM = X47H96M34K;
				INFOPLIST_FILE = SlateApp/Info.plist;
				INFOPLIST_KEY_LSApplicationCategoryType = "public.app-category.productivity";
				LD_RUNPATH_SEARCH_PATHS = (
					"$(inherited)",
					"@executable_path/Frameworks",
				);
				MARKETING_VERSION = 1.0;
				OTHER_LDFLAGS = (
					"$(inherited)",
					"-ObjC",
					"-lc++",
				);
				OTHER_SWIFT_FLAGS = "$(inherited) -D EXPO_CONFIGURATION_RELEASE";
				PRODUCT_BUNDLE_IDENTIFIER = co.opsapp.slate;
				PRODUCT_NAME = SlateApp;
				SWIFT_OBJC_BRIDGING_HEADER = "SlateApp/SlateApp-Bridging-Header.h";
				SWIFT_VERSION = 5.0;
				VERSIONING_SYSTEM = "apple-generic";
			};
			name = Release;
		};
		83CBBA201A601CBA00E9B192 /* Debug */ = {
			isa = XCBuildConfiguration;
			buildSettings = {
				ALWAYS_SEARCH_USER_PATHS = NO;
				CLANG_ANALYZER_LOCALIZABILITY_NONLOCALIZED = YES;
				CLANG_CXX_LANGUAGE_STANDARD = "c++20";
				CLANG_CXX_LIBRARY = "libc++";
				CLANG_ENABLE_MODULES = YES;
				CLANG_ENABLE_OBJC_ARC = YES;
				CLANG_WARN_BLOCK_CAPTURE_AUTORELEASING = YES;
				CLANG_WARN_BOOL_CONVERSION = YES;
				CLANG_WARN_COMMA = YES;
				CLANG_WARN_CONSTANT_CONVERSION = YES;
				CLANG_WARN_DEPRECATED_OBJC_IMPLEMENTATIONS = YES;
				CLANG_WARN_DIRECT_OBJC_ISA_USAGE = YES_ERROR;
				CLANG_WARN_EMPTY_BODY = YES;
				CLANG_WARN_ENUM_CONVERSION = YES;
				CLANG_WARN_INFINITE_RECURSION = YES;
				CLANG_WARN_INT_CONVERSION = YES;
				CLANG_WARN_NON_LITERAL_NULL_CONVERSION = YES;
				CLANG_WARN_OBJC_IMPLICIT_RETAIN_SELF = YES;
				CLANG_WARN_OBJC_LITERAL_CONVERSION = YES;
				CLANG_WARN_OBJC_ROOT_CLASS = YES_ERROR;
				CLANG_WARN_QUOTED_INCLUDE_IN_FRAMEWORK_HEADER = YES;
				CLANG_WARN_RANGE_LOOP_ANALYSIS = YES;
				CLANG_WARN_STRICT_PROTOTYPES = YES;
				CLANG_WARN_SUSPICIOUS_MOVE = YES;
				CLANG_WARN_UNREACHABLE_CODE = YES;
				CLANG_WARN__DUPLICATE_METHOD_MATCH = YES;
				"CODE_SIGN_IDENTITY[sdk=iphoneos*]" = "iPhone Developer";
				COPY_PHASE_STRIP = NO;
				ENABLE_STRICT_OBJC_MSGSEND = YES;
				ENABLE_TESTABILITY = YES;
				"EXCLUDED_ARCHS[sdk=iphonesimulator*]" = i386;
				GCC_C_LANGUAGE_STANDARD = gnu99;
				GCC_DYNAMIC_NO_PIC = NO;
				GCC_NO_COMMON_BLOCKS = YES;
				GCC_OPTIMIZATION_LEVEL = 0;
				GCC_PREPROCESSOR_DEFINITIONS = (
					"DEBUG=1",
					"$(inherited)",
				);
				GCC_SYMBOLS_PRIVATE_EXTERN = NO;
				GCC_WARN_64_TO_32_BIT_CONVERSION = YES;
				GCC_WARN_ABOUT_RETURN_TYPE = YES_ERROR;
				GCC_WARN_UNDECLARED_SELECTOR = YES;
				GCC_WARN_UNINITIALIZED_AUTOS = YES_AGGRESSIVE;
				GCC_WARN_UNUSED_FUNCTION = YES;
				GCC_WARN_UNUSED_VARIABLE = YES;
				IPHONEOS_DEPLOYMENT_TARGET = 13.4;
				LD_RUNPATH_SEARCH_PATHS = (
					/usr/lib/swift,
					"$(inherited)",
				);
				LIBRARY_SEARCH_PATHS = (
					"\"$(SDKROOT)/usr/lib/swift\"",
					"\"$(TOOLCHAIN_DIR)/usr/lib/swift/$(PLATFORM_NAME)\"",
					"\"$(inherited)\"",
				);
				MTL_ENABLE_DEBUG_INFO = YES;
				ONLY_ACTIVE_ARCH = YES;
				OTHER_CFLAGS = "$(inherited)";
				OTHER_CPLUSPLUSFLAGS = (
					"$(OTHER_CFLAGS)",
					"-DFOLLY_NO_CONFIG",
					"-DFOLLY_MOBILE=1",
					"-DFOLLY_USE_LIBCPP=1",
					"-DFOLLY_CFG_NO_COROUTINES=1",
				);
				OTHER_LDFLAGS = (
					"$(inherited)",
					"-Wl",
					"-ld_classic",
				);
				REACT_NATIVE_PATH = "${PODS_ROOT}/../../../../node_modules/react-native";
				SDKROOT = iphoneos;
				SWIFT_VERSION = 5.0;
				USE_HERMES = true;
			};
			name = Debug;
		};
		83CBBA211A601CBA00E9B192 /* Release */ = {
			isa = XCBuildConfiguration;
			buildSettings = {
				ALWAYS_SEARCH_USER_PATHS = NO;
				CLANG_ANALYZER_LOCALIZABILITY_NONLOCALIZED = YES;
				CLANG_CXX_LANGUAGE_STANDARD = "c++20";
				CLANG_CXX_LIBRARY = "libc++";
				CLANG_ENABLE_MODULES = YES;
				CLANG_ENABLE_OBJC_ARC = YES;
				CLANG_WARN_BLOCK_CAPTURE_AUTORELEASING = YES;
				CLANG_WARN_BOOL_CONVERSION = YES;
				CLANG_WARN_COMMA = YES;
				CLANG_WARN_CONSTANT_CONVERSION = YES;
				CLANG_WARN_DEPRECATED_OBJC_IMPLEMENTATIONS = YES;
				CLANG_WARN_DIRECT_OBJC_ISA_USAGE = YES_ERROR;
				CLANG_WARN_EMPTY_BODY = YES;
				CLANG_WARN_ENUM_CONVERSION = YES;
				CLANG_WARN_INFINITE_RECURSION = YES;
				CLANG_WARN_INT_CONVERSION = YES;
				CLANG_WARN_NON_LITERAL_NULL_CONVERSION = YES;
				CLANG_WARN_OBJC_IMPLICIT_RETAIN_SELF = YES;
				CLANG_WARN_OBJC_LITERAL_CONVERSION = YES;
				CLANG_WARN_OBJC_ROOT_CLASS = YES_ERROR;
				CLANG_WARN_QUOTED_INCLUDE_IN_FRAMEWORK_HEADER = YES;
				CLANG_WARN_RANGE_LOOP_ANALYSIS = YES;
				CLANG_WARN_STRICT_PROTOTYPES = YES;
				CLANG_WARN_SUSPICIOUS_MOVE = YES;
				CLANG_WARN_UNREACHABLE_CODE = YES;
				CLANG_WARN__DUPLICATE_METHOD_MATCH = YES;
				"CODE_SIGN_IDENTITY[sdk=iphoneos*]" = "iPhone Developer";
				COPY_PHASE_STRIP = YES;
				ENABLE_NS_ASSERTIONS = NO;
				ENABLE_STRICT_OBJC_MSGSEND = YES;
				"EXCLUDED_ARCHS[sdk=iphonesimulator*]" = i386;
				GCC_C_LANGUAGE_STANDARD = gnu99;
				GCC_NO_COMMON_BLOCKS = YES;
				GCC_WARN_64_TO_32_BIT_CONVERSION = YES;
				GCC_WARN_ABOUT_RETURN_TYPE = YES_ERROR;
				GCC_WARN_UNDECLARED_SELECTOR = YES;
				GCC_WARN_UNINITIALIZED_AUTOS = YES_AGGRESSIVE;
				GCC_WARN_UNUSED_FUNCTION = YES;
				GCC_WARN_UNUSED_VARIABLE = YES;
				IPHONEOS_DEPLOYMENT_TARGET = 13.4;
				LD_RUNPATH_SEARCH_PATHS = (
					/usr/lib/swift,
					"$(inherited)",
				);
				LIBRARY_SEARCH_PATHS = (
					"\"$(SDKROOT)/usr/lib/swift\"",
					"\"$(TOOLCHAIN_DIR)/usr/lib/swift/$(PLATFORM_NAME)\"",
					"\"$(inherited)\"",
				);
				MTL_ENABLE_DEBUG_INFO = NO;
				OTHER_CFLAGS = "$(inherited)";
				OTHER_CPLUSPLUSFLAGS = (
					"$(OTHER_CFLAGS)",
					"-DFOLLY_NO_CONFIG",
					"-DFOLLY_MOBILE=1",
					"-DFOLLY_USE_LIBCPP=1",
					"-DFOLLY_CFG_NO_COROUTINES=1",
				);
				OTHER_LDFLAGS = (
					"$(inherited)",
					"-Wl",
					"-ld_classic",
				);
				REACT_NATIVE_PATH = "${PODS_ROOT}/../../../../node_modules/react-native";
				SDKROOT = iphoneos;
				SWIFT_VERSION = 5.0;
				USE_HERMES = true;
				VALIDATE_PRODUCT = YES;
			};
			name = Release;
		};
		BA54F8A717DAF759AC729F4B /* Debug */ = {
			isa = XCBuildConfiguration;
			buildSettings = {
				ASSETCATALOG_COMPILER_APPICON_NAME = AppIcon;
				ASSETCATALOG_COMPILER_GLOBAL_ACCENT_COLOR_NAME = AccentColor;
				CODE_SIGN_ENTITLEMENTS = SlateWatch/SlateWatch.entitlements;
				CODE_SIGN_STYLE = Automatic;
				CURRENT_PROJECT_VERSION = 1;
				DEVELOPMENT_TEAM = X47H96M34K;
				GENERATE_INFOPLIST_FILE = NO;
				INFOPLIST_FILE = SlateWatch/Info.plist;
				INFOPLIST_KEY_CFBundleDisplayName = SLATE;
				MARKETING_VERSION = 1.0;
				OTHER_SWIFT_FLAGS = "$(inherited) -D EXPO_CONFIGURATION_DEBUG";
				PRODUCT_BUNDLE_IDENTIFIER = co.opsapp.slate.watchkitapp;
				PRODUCT_NAME = "$(TARGET_NAME)";
				SDKROOT = watchos;
				SKIP_INSTALL = YES;
				SUPPORTED_PLATFORMS = "watchos watchsimulator";
				SUPPORTS_MACCATALYST = NO;
				SWIFT_EMIT_LOC_STRINGS = YES;
				SWIFT_VERSION = 5.9;
				TARGETED_DEVICE_FAMILY = 4;
				WATCHOS_DEPLOYMENT_TARGET = 10;
			};
			name = Debug;
		};
		EB232D3722CC706752CB25E1 /* Release */ = {
			isa = XCBuildConfiguration;
			buildSettings = {
				ASSETCATALOG_COMPILER_APPICON_NAME = AppIcon;
				ASSETCATALOG_COMPILER_GLOBAL_ACCENT_COLOR_NAME = AccentColor;
				CODE_SIGN_ENTITLEMENTS = SlateWatch/SlateWatch.entitlements;
				CODE_SIGN_STYLE = Automatic;
				CURRENT_PROJECT_VERSION = 1;
				DEVELOPMENT_TEAM = X47H96M34K;
				GENERATE_INFOPLIST_FILE = NO;
				INFOPLIST_FILE = SlateWatch/Info.plist;
				INFOPLIST_KEY_CFBundleDisplayName = SLATE;
				MARKETING_VERSION = 1.0;
				OTHER_SWIFT_FLAGS = "$(inherited) -D EXPO_CONFIGURATION_RELEASE";
				PRODUCT_BUNDLE_IDENTIFIER = co.opsapp.slate.watchkitapp;
				PRODUCT_NAME = "$(TARGET_NAME)";
				SDKROOT = watchos;
				SKIP_INSTALL = YES;
				SUPPORTED_PLATFORMS = "watchos watchsimulator";
				SUPPORTS_MACCATALYST = NO;
				SWIFT_EMIT_LOC_STRINGS = YES;
				SWIFT_VERSION = 5.9;
				TARGETED_DEVICE_FAMILY = 4;
				VALIDATE_PRODUCT = YES;
				WATCHOS_DEPLOYMENT_TARGET = 10;
			};
			name = Release;
		};
/* End XCBuildConfiguration section */

/* Begin XCConfigurationList section */
		00E357021AD99517003FC87E /* Build configuration list for PBXNativeTarget "SlateAppTests" */ = {
			isa = XCConfigurationList;
			buildConfigurations = (
				00E356F61AD99517003FC87E /* Debug */,
				00E356F71AD99517003FC87E /* Release */,
			);
			defaultConfigurationIsVisible = 0;
			defaultConfigurationName = Release;
		};
		13B07F931A680F5B00A75B9A /* Build configuration list for PBXNativeTarget "SlateApp" */ = {
			isa = XCConfigurationList;
			buildConfigurations = (
				13B07F941A680F5B00A75B9A /* Debug */,
				13B07F951A680F5B00A75B9A /* Release */,
			);
			defaultConfigurationIsVisible = 0;
			defaultConfigurationName = Release;
		};
		83CBB9FA1A601CBA00E9B192 /* Build configuration list for PBXProject "SlateApp" */ = {
			isa = XCConfigurationList;
			buildConfigurations = (
				83CBBA201A601CBA00E9B192 /* Debug */,
				83CBBA211A601CBA00E9B192 /* Release */,
			);
			defaultConfigurationIsVisible = 0;
			defaultConfigurationName = Release;
		};
		E2BD8739D21228EE57DF5C94 /* Build configuration list for PBXNativeTarget "SlateWatch" */ = {
			isa = XCConfigurationList;
			buildConfigurations = (
				EB232D3722CC706752CB25E1 /* Release */,
				BA54F8A717DAF759AC729F4B /* Debug */,
			);
			defaultConfigurationIsVisible = 0;
			defaultConfigurationName = Release;
		};
/* End XCConfigurationList section */
	};
	rootObject = 83CBB9F71A601CBA00E9B192 /* Project object */;
}
